
Microsoft Visual Studio Solution File, Format Version 12.00
# Visual Studio Version 17
VisualStudioVersion = 17.1.32414.318
MinimumVisualStudioVersion = 10.0.40219.1
Project("{FAE04EC0-301F-11D3-BF4B-00C04F79EFBC}") = "UniversityApiBackend", "UniversityApiBackend\UniversityApiBackend.csproj", "{70CAD4CB-FE3C-488F-9C9A-423A00474E5C}"
EndProject
Global
	GlobalSection(SolutionConfigurationPlatforms) = preSolution
		Debug|Any CPU = Debug|Any CPU
		Release|Any CPU = Release|Any CPU
	EndGlobalSection
	GlobalSection(ProjectConfigurationPlatforms) = postSolution
		{70CAD4CB-FE3C-488F-9C9A-423A00474E5C}.Debug|Any CPU.ActiveCfg = Debug|Any CPU
		{70CAD4CB-FE3C-488F-9C9A-423A00474E5C}.Debug|Any CPU.Build.0 = Debug|Any CPU
		{70CAD4CB-FE3C-488F-9C9A-423A00474E5C}.Release|Any CPU.ActiveCfg = Release|Any CPU
		{70CAD4CB-FE3C-488F-9C9A-423A00474E5C}.Release|Any CPU.Build.0 = Release|Any CPU
	EndGlobalSection
	GlobalSection(SolutionProperties) = preSolution
		HideSolutionNode = FALSE
	EndGlobalSection
	GlobalSection(ExtensibilityGlobals) = postSolution
		SolutionGuid = {AFC250F8-75E0-4C1F-B0B7-6373DA7C85D6}
	EndGlobalSection
EndGlobal
